
Microsoft Visual Studio Solution File, Format Version 12.00
# Visual Studio Version 16
VisualStudioVersion = 16.0.31624.102
MinimumVisualStudioVersion = 10.0.40219.1
Project("{8BC9CEB8-8B4A-11D0-8D11-00A0C91BC942}") = "Exercice01", "Exercice01\Exercice01.vcxproj", "{EA78F486-2AE8-4676-993A-5539A57E2A1F}"
EndProject
Project("{8BC9CEB8-8B4A-11D0-8D11-00A0C91BC942}") = "Exercice02", "Exercice02\Exercice02.vcxproj", "{218940A3-4A72-4937-AB6D-679633A215EA}"
EndProject
Project("{8BC9CEB8-8B4A-11D0-8D11-00A0C91BC942}") = "Exercice03", "Exercice03\Exercice03.vcxproj", "{1F91C504-2721-43F6-8ED3-3E362AE097B9}"
EndProject
Global
	GlobalSection(SolutionConfigurationPlatforms) = preSolution
		Debug|x64 = Debug|x64
		Debug|x86 = Debug|x86
		Release|x64 = Release|x64
		Release|x86 = Release|x86
	EndGlobalSection
	GlobalSection(ProjectConfigurationPlatforms) = postSolution
		{EA78F486-2AE8-4676-993A-5539A57E2A1F}.Debug|x64.ActiveCfg = Debug|x64
		{EA78F486-2AE8-4676-993A-5539A57E2A1F}.Debug|x64.Build.0 = Debug|x64
		{EA78F486-2AE8-4676-993A-5539A57E2A1F}.Debug|x86.ActiveCfg = Debug|Win32
		{EA78F486-2AE8-4676-993A-5539A57E2A1F}.Debug|x86.Build.0 = Debug|Win32
		{EA78F486-2AE8-4676-993A-5539A57E2A1F}.Release|x64.ActiveCfg = Release|x64
		{EA78F486-2AE8-4676-993A-5539A57E2A1F}.Release|x64.Build.0 = Release|x64
		{EA78F486-2AE8-4676-993A-5539A57E2A1F}.Release|x86.ActiveCfg = Release|Win32
		{EA78F486-2AE8-4676-993A-5539A57E2A1F}.Release|x86.Build.0 = Release|Win32
		{218940A3-4A72-4937-AB6D-679633A215EA}.Debug|x64.ActiveCfg = Debug|x64
		{218940A3-4A72-4937-AB6D-679633A215EA}.Debug|x64.Build.0 = Debug|x64
		{218940A3-4A72-4937-AB6D-679633A215EA}.Debug|x86.ActiveCfg = Debug|Win32
		{218940A3-4A72-4937-AB6D-679633A215EA}.Debug|x86.Build.0 = Debug|Win32
		{218940A3-4A72-4937-AB6D-679633A215EA}.Release|x64.ActiveCfg = Release|x64
		{218940A3-4A72-4937-AB6D-679633A215EA}.Release|x64.Build.0 = Release|x64
		{218940A3-4A72-4937-AB6D-679633A215EA}.Release|x86.ActiveCfg = Release|Win32
		{218940A3-4A72-4937-AB6D-679633A215EA}.Release|x86.Build.0 = Release|Win32
		{1F91C504-2721-43F6-8ED3-3E362AE097B9}.Debug|x64.ActiveCfg = Debug|x64
		{1F91C504-2721-43F6-8ED3-3E362AE097B9}.Debug|x64.Build.0 = Debug|x64
		{1F91C504-2721-43F6-8ED3-3E362AE097B9}.Debug|x86.ActiveCfg = Debug|Win32
		{1F91C504-2721-43F6-8ED3-3E362AE097B9}.Debug|x86.Build.0 = Debug|Win32
		{1F91C504-2721-43F6-8ED3-3E362AE097B9}.Release|x64.ActiveCfg = Release|x64
		{1F91C504-2721-43F6-8ED3-3E362AE097B9}.Release|x64.Build.0 = Release|x64
		{1F91C504-2721-43F6-8ED3-3E362AE097B9}.Release|x86.ActiveCfg = Release|Win32
		{1F91C504-2721-43F6-8ED3-3E362AE097B9}.Release|x86.Build.0 = Release|Win32
	EndGlobalSection
	GlobalSection(SolutionProperties) = preSolution
		HideSolutionNode = FALSE
	EndGlobalSection
	GlobalSection(ExtensibilityGlobals) = postSolution
		SolutionGuid = {537CD05D-1152-484D-AB24-5BA3E1FB3A34}
	EndGlobalSection
EndGlobal
